Microsoft Visual Studio Solution File, Format Version 12.00
# Visual Studio Version 17
VisualStudioVersion = 17.5.2.0
MinimumVisualStudioVersion = 10.0.40219.1
Project("{FAE04EC0-301F-11D3-BF4B-00C04F79EFBC}") = "apbd_cwiczenie1", "apbd_cwiczenie1.csproj", "{6BF94EA7-59AC-68AE-A4EC-089F735F3E00}"
EndProject
Global
	GlobalSection(SolutionConfigurationPlatforms) = preSolution
		Debug|Any CPU = Debug|Any CPU
		Release|Any CPU = Release|Any CPU
	EndGlobalSection
	GlobalSection(ProjectConfigurationPlatforms) = postSolution
		{6BF94EA7-59AC-68AE-A4EC-089F735F3E00}.Debug|Any CPU.ActiveCfg = Debug|Any CPU
		{6BF94EA7-59AC-68AE-A4EC-089F735F3E00}.Debug|Any CPU.Build.0 = Debug|Any CPU
		{6BF94EA7-59AC-68AE-A4EC-089F735F3E00}.Release|Any CPU.ActiveCfg = Release|Any CPU
		{6BF94EA7-59AC-68AE-A4EC-089F735F3E00}.Release|Any CPU.Build.0 = Release|Any CPU
	EndGlobalSection
	GlobalSection(SolutionProperties) = preSolution
		HideSolutionNode = FALSE
	EndGlobalSection
	GlobalSection(ExtensibilityGlobals) = postSolution
		SolutionGuid = {8DDE7948-FA22-41A6-A675-A01F32F14671}
	EndGlobalSection
EndGlobal
